
Microsoft Visual Studio Solution File, Format Version 12.00
# Visual Studio Version 17
VisualStudioVersion = 17.5.002.0
MinimumVisualStudioVersion = 10.0.40219.1
Project("{2150E333-8FDC-42A3-9474-1A3956D46DE8}") = "prepare", "prepare", "{AE8879DD-2169-4092-B8BA-82DEE252BA65}"
EndProject
Project("{9A19103F-16F7-4668-BE54-9A1E7A4F7556}") = "Learning02", "prepare\Learning02\Learning02.csproj", "{5ADAAB3E-5708-451F-86C9-491F03841003}"
EndProject
Project("{9A19103F-16F7-4668-BE54-9A1E7A4F7556}") = "Learning05", "prepare\Learning05\Learning05.csproj", "{DA8BB02F-3624-47A2-A169-90F82EE9BE90}"
EndProject
Project("{9A19103F-16F7-4668-BE54-9A1E7A4F7556}") = "Learning04", "prepare\Learning04\Learning04.csproj", "{693EACA1-4CDC-4BAC-B81E-DFF7EBE7D916}"
EndProject
Project("{9A19103F-16F7-4668-BE54-9A1E7A4F7556}") = "Learning03", "prepare\Learning03\Learning03.csproj", "{D8D70764-69BD-4542-8892-DF675AE1260F}"
EndProject
Project("{2150E333-8FDC-42A3-9474-1A3956D46DE8}") = "prove", "prove", "{6EAC51C0-D1C6-4E49-95D5-416D0E42309E}"
EndProject
Project("{9A19103F-16F7-4668-BE54-9A1E7A4F7556}") = "Develop03", "prove\Develop03\Develop03.csproj", "{9856C9F8-90F6-4B57-856D-A80B7CE46258}"
EndProject
Project("{9A19103F-16F7-4668-BE54-9A1E7A4F7556}") = "Develop04", "prove\Develop04\Develop04.csproj", "{C62C972A-3A4D-4CB8-A498-2E42D76C1BD9}"
EndProject
Project("{9A19103F-16F7-4668-BE54-9A1E7A4F7556}") = "Develop05", "prove\Develop05\Develop05.csproj", "{77F9FA19-D157-49C1-A5D1-14CC2D93EFFE}"
EndProject
Project("{9A19103F-16F7-4668-BE54-9A1E7A4F7556}") = "Develop02", "prove\Develop02\Develop02.csproj", "{237DE9D6-6E8A-4458-853E-28AF75C32440}"
EndProject
Project("{2150E333-8FDC-42A3-9474-1A3956D46DE8}") = "sandbox", "sandbox", "{CF90BDF0-144C-4189-9D70-D80C1704E112}"
EndProject
Project("{9A19103F-16F7-4668-BE54-9A1E7A4F7556}") = "Sandbox", "sandbox\Sandbox\Sandbox.csproj", "{B61E9125-F23F-4B1E-985A-6383FB2F9B7F}"
EndProject
Project("{2150E333-8FDC-42A3-9474-1A3956D46DE8}") = "final", "final", "{B435354B-BB56-4DEC-8C68-544FA3728040}"
EndProject
Project("{9A19103F-16F7-4668-BE54-9A1E7A4F7556}") = "FinalProject", "final\FinalProject\FinalProject.csproj", "{B772C354-B3D5-43F4-AFB0-08CBF7BDFDFD}"
EndProject
Project("{9A19103F-16F7-4668-BE54-9A1E7A4F7556}") = "Foundation1", "final\Foundation1\Foundation1.csproj", "{C1CA9E20-B3EA-4F1C-BA1B-6504FA3B1530}"
EndProject
Project("{9A19103F-16F7-4668-BE54-9A1E7A4F7556}") = "Foundation4", "final\Foundation4\Foundation4.csproj", "{0BC2941C-5909-4CFD-A2C7-88624F85CE99}"
EndProject
Project("{9A19103F-16F7-4668-BE54-9A1E7A4F7556}") = "Foundation3", "final\Foundation3\Foundation3.csproj", "{5F9CB0C6-75CB-488F-99C9-9AB81CFAFEA9}"
EndProject
Project("{9A19103F-16F7-4668-BE54-9A1E7A4F7556}") = "Foundation2", "final\Foundation2\Foundation2.csproj", "{7CD1DB15-2DD1-460B-9819-0952EB7AAF07}"
EndProject
Project("{2150E333-8FDC-42A3-9474-1A3956D46DE8}") = "csharp-prep", "csharp-prep", "{F70FCAA2-9036-44EB-BC4B-CF49CA51A69D}"
EndProject
Project("{9A19103F-16F7-4668-BE54-9A1E7A4F7556}") = "Prep1", "csharp-prep\Prep1\Prep1.csproj", "{9A00789D-CE28-4368-B024-4D2C7D7171FF}"
EndProject
Project("{9A19103F-16F7-4668-BE54-9A1E7A4F7556}") = "Prep5", "csharp-prep\Prep5\Prep5.csproj", "{27C54680-B32A-4DC4-90DD-72C46AED698E}"
EndProject
Project("{9A19103F-16F7-4668-BE54-9A1E7A4F7556}") = "Prep2", "csharp-prep\Prep2\Prep2.csproj", "{EF36D860-6BED-4A5C-BF08-593000094F37}"
EndProject
Project("{9A19103F-16F7-4668-BE54-9A1E7A4F7556}") = "Prep3", "csharp-prep\Prep3\Prep3.csproj", "{B26385FA-FB59-401A-8211-F6E4A4BAF592}"
EndProject
Project("{9A19103F-16F7-4668-BE54-9A1E7A4F7556}") = "Prep4", "csharp-prep\Prep4\Prep4.csproj", "{1CEC94E9-87E9-4A10-9F98-ECAD46955245}"
EndProject
Global
	GlobalSection(SolutionConfigurationPlatforms) = preSolution
		Debug|Any CPU = Debug|Any CPU
		Release|Any CPU = Release|Any CPU
	EndGlobalSection
	GlobalSection(ProjectConfigurationPlatforms) = postSolution
		{5ADAAB3E-5708-451F-86C9-491F03841003}.Debug|Any CPU.ActiveCfg = Debug|Any CPU
		{5ADAAB3E-5708-451F-86C9-491F03841003}.Debug|Any CPU.Build.0 = Debug|Any CPU
		{5ADAAB3E-5708-451F-86C9-491F03841003}.Release|Any CPU.ActiveCfg = Release|Any CPU
		{5ADAAB3E-5708-451F-86C9-491F03841003}.Release|Any CPU.Build.0 = Release|Any CPU
		{DA8BB02F-3624-47A2-A169-90F82EE9BE90}.Debug|Any CPU.ActiveCfg = Debug|Any CPU
		{DA8BB02F-3624-47A2-A169-90F82EE9BE90}.Debug|Any CPU.Build.0 = Debug|Any CPU
		{DA8BB02F-3624-47A2-A169-90F82EE9BE90}.Release|Any CPU.ActiveCfg = Release|Any CPU
		{DA8BB02F-3624-47A2-A169-90F82EE9BE90}.Release|Any CPU.Build.0 = Release|Any CPU
		{693EACA1-4CDC-4BAC-B81E-DFF7EBE7D916}.Debug|Any CPU.ActiveCfg = Debug|Any CPU
		{693EACA1-4CDC-4BAC-B81E-DFF7EBE7D916}.Debug|Any CPU.Build.0 = Debug|Any CPU
		{693EACA1-4CDC-4BAC-B81E-DFF7EBE7D916}.Release|Any CPU.ActiveCfg = Release|Any CPU
		{693EACA1-4CDC-4BAC-B81E-DFF7EBE7D916}.Release|Any CPU.Build.0 = Release|Any CPU
		{D8D70764-69BD-4542-8892-DF675AE1260F}.Debug|Any CPU.ActiveCfg = Debug|Any CPU
		{D8D70764-69BD-4542-8892-DF675AE1260F}.Debug|Any CPU.Build.0 = Debug|Any CPU
		{D8D70764-69BD-4542-8892-DF675AE1260F}.Release|Any CPU.ActiveCfg = Release|Any CPU
		{D8D70764-69BD-4542-8892-DF675AE1260F}.Release|Any CPU.Build.0 = Release|Any CPU
		{9856C9F8-90F6-4B57-856D-A80B7CE46258}.Debug|Any CPU.ActiveCfg = Debug|Any CPU
		{9856C9F8-90F6-4B57-856D-A80B7CE46258}.Debug|Any CPU.Build.0 = Debug|Any CPU
		{9856C9F8-90F6-4B57-856D-A80B7CE46258}.Release|Any CPU.ActiveCfg = Release|Any CPU
		{9856C9F8-90F6-4B57-856D-A80B7CE46258}.Release|Any CPU.Build.0 = Release|Any CPU
		{C62C972A-3A4D-4CB8-A498-2E42D76C1BD9}.Debug|Any CPU.ActiveCfg = Debug|Any CPU
		{C62C972A-3A4D-4CB8-A498-2E42D76C1BD9}.Debug|Any CPU.Build.0 = Debug|Any CPU
		{C62C972A-3A4D-4CB8-A498-2E42D76C1BD9}.Release|Any CPU.ActiveCfg = Release|Any CPU
		{C62C972A-3A4D-4CB8-A498-2E42D76C1BD9}.Release|Any CPU.Build.0 = Release|Any CPU
		{77F9FA19-D157-49C1-A5D1-14CC2D93EFFE}.Debug|Any CPU.ActiveCfg = Debug|Any CPU
		{77F9FA19-D157-49C1-A5D1-14CC2D93EFFE}.Debug|Any CPU.Build.0 = Debug|Any CPU
		{77F9FA19-D157-49C1-A5D1-14CC2D93EFFE}.Release|Any CPU.ActiveCfg = Release|Any CPU
		{77F9FA19-D157-49C1-A5D1-14CC2D93EFFE}.Release|Any CPU.Build.0 = Release|Any CPU
		{237DE9D6-6E8A-4458-853E-28AF75C32440}.Debug|Any CPU.ActiveCfg = Debug|Any CPU
		{237DE9D6-6E8A-4458-853E-28AF75C32440}.Debug|Any CPU.Build.0 = Debug|Any CPU
		{237DE9D6-6E8A-4458-853E-28AF75C32440}.Release|Any CPU.ActiveCfg = Release|Any CPU
		{237DE9D6-6E8A-4458-853E-28AF75C32440}.Release|Any CPU.Build.0 = Release|Any CPU
		{B61E9125-F23F-4B1E-985A-6383FB2F9B7F}.Debug|Any CPU.ActiveCfg = Debug|Any CPU
		{B61E9125-F23F-4B1E-985A-6383FB2F9B7F}.Debug|Any CPU.Build.0 = Debug|Any CPU
		{B61E9125-F23F-4B1E-985A-6383FB2F9B7F}.Release|Any CPU.ActiveCfg = Release|Any CPU
		{B61E9125-F23F-4B1E-985A-6383FB2F9B7F}.Release|Any CPU.Build.0 = Release|Any CPU
		{B772C354-B3D5-43F4-AFB0-08CBF7BDFDFD}.Debug|Any CPU.ActiveCfg = Debug|Any CPU
		{B772C354-B3D5-43F4-AFB0-08CBF7BDFDFD}.Debug|Any CPU.Build.0 = Debug|Any CPU
		{B772C354-B3D5-43F4-AFB0-08CBF7BDFDFD}.Release|Any CPU.ActiveCfg = Release|Any CPU
		{B772C354-B3D5-43F4-AFB0-08CBF7BDFDFD}.Release|Any CPU.Build.0 = Release|Any CPU
		{C1CA9E20-B3EA-4F1C-BA1B-6504FA3B1530}.Debug|Any CPU.ActiveCfg = Debug|Any CPU
		{C1CA9E20-B3EA-4F1C-BA1B-6504FA3B1530}.Debug|Any CPU.Build.0 = Debug|Any CPU
		{C1CA9E20-B3EA-4F1C-BA1B-6504FA3B1530}.Release|Any CPU.ActiveCfg = Release|Any CPU
		{C1CA9E20-B3EA-4F1C-BA1B-6504FA3B1530}.Release|Any CPU.Build.0 = Release|Any CPU
		{0BC2941C-5909-4CFD-A2C7-88624F85CE99}.Debug|Any CPU.ActiveCfg = Debug|Any CPU
		{0BC2941C-5909-4CFD-A2C7-88624F85CE99}.Debug|Any CPU.Build.0 = Debug|Any CPU
		{0BC2941C-5909-4CFD-A2C7-88624F85CE99}.Release|Any CPU.ActiveCfg = Release|Any CPU
		{0BC2941C-5909-4CFD-A2C7-88624F85CE99}.Release|Any CPU.Build.0 = Release|Any CPU
		{5F9CB0C6-75CB-488F-99C9-9AB81CFAFEA9}.Debug|Any CPU.ActiveCfg = Debug|Any CPU
		{5F9CB0C6-75CB-488F-99C9-9AB81CFAFEA9}.Debug|Any CPU.Build.0 = Debug|Any CPU
		{5F9CB0C6-75CB-488F-99C9-9AB81CFAFEA9}.Release|Any CPU.ActiveCfg = Release|Any CPU
		{5F9CB0C6-75CB-488F-99C9-9AB81CFAFEA9}.Release|Any CPU.Build.0 = Release|Any CPU
		{7CD1DB15-2DD1-460B-9819-0952EB7AAF07}.Debug|Any CPU.ActiveCfg = Debug|Any CPU
		{7CD1DB15-2DD1-460B-9819-0952EB7AAF07}.Debug|Any CPU.Build.0 = Debug|Any CPU
		{7CD1DB15-2DD1-460B-9819-0952EB7AAF07}.Release|Any CPU.ActiveCfg = Release|Any CPU
		{7CD1DB15-2DD1-460B-9819-0952EB7AAF07}.Release|Any CPU.Build.0 = Release|Any CPU
		{9A00789D-CE28-4368-B024-4D2C7D7171FF}.Debug|Any CPU.ActiveCfg = Debug|Any CPU
		{9A00789D-CE28-4368-B024-4D2C7D7171FF}.Debug|Any CPU.Build.0 = Debug|Any CPU
		{9A00789D-CE28-4368-B024-4D2C7D7171FF}.Release|Any CPU.ActiveCfg = Release|Any CPU
		{9A00789D-CE28-4368-B024-4D2C7D7171FF}.Release|Any CPU.Build.0 = Release|Any CPU
		{27C54680-B32A-4DC4-90DD-72C46AED698E}.Debug|Any CPU.ActiveCfg = Debug|Any CPU
		{27C54680-B32A-4DC4-90DD-72C46AED698E}.Debug|Any CPU.Build.0 = Debug|Any CPU
		{27C54680-B32A-4DC4-90DD-72C46AED698E}.Release|Any CPU.ActiveCfg = Release|Any CPU
		{27C54680-B32A-4DC4-90DD-72C46AED698E}.Release|Any CPU.Build.0 = Release|Any CPU
		{EF36D860-6BED-4A5C-BF08-593000094F37}.Debug|Any CPU.ActiveCfg = Debug|Any CPU
		{EF36D860-6BED-4A5C-BF08-593000094F37}.Debug|Any CPU.Build.0 = Debug|Any CPU
		{EF36D860-6BED-4A5C-BF08-593000094F37}.Release|Any CPU.ActiveCfg = Release|Any CPU
		{EF36D860-6BED-4A5C-BF08-593000094F37}.Release|Any CPU.Build.0 = Release|Any CPU
		{B26385FA-FB59-401A-8211-F6E4A4BAF592}.Debug|Any CPU.ActiveCfg = Debug|Any CPU
		{B26385FA-FB59-401A-8211-F6E4A4BAF592}.Debug|Any CPU.Build.0 = Debug|Any CPU
		{B26385FA-FB59-401A-8211-F6E4A4BAF592}.Release|Any CPU.ActiveCfg = Release|Any CPU
		{B26385FA-FB59-401A-8211-F6E4A4BAF592}.Release|Any CPU.Build.0 = Release|Any CPU
		{1CEC94E9-87E9-4A10-9F98-ECAD46955245}.Debug|Any CPU.ActiveCfg = Debug|Any CPU
		{1CEC94E9-87E9-4A10-9F98-ECAD46955245}.Debug|Any CPU.Build.0 = Debug|Any CPU
		{1CEC94E9-87E9-4A10-9F98-ECAD46955245}.Release|Any CPU.ActiveCfg = Release|Any CPU
		{1CEC94E9-87E9-4A10-9F98-ECAD46955245}.Release|Any CPU.Build.0 = Release|Any CPU
	EndGlobalSection
	GlobalSection(SolutionProperties) = preSolution
		HideSolutionNode = FALSE
	EndGlobalSection
	GlobalSection(NestedProjects) = preSolution
		{5ADAAB3E-5708-451F-86C9-491F03841003} = {AE8879DD-2169-4092-B8BA-82DEE252BA65}
		{DA8BB02F-3624-47A2-A169-90F82EE9BE90} = {AE8879DD-2169-4092-B8BA-82DEE252BA65}
		{693EACA1-4CDC-4BAC-B81E-DFF7EBE7D916} = {AE8879DD-2169-4092-B8BA-82DEE252BA65}
		{D8D70764-69BD-4542-8892-DF675AE1260F} = {AE8879DD-2169-4092-B8BA-82DEE252BA65}
		{9856C9F8-90F6-4B57-856D-A80B7CE46258} = {6EAC51C0-D1C6-4E49-95D5-416D0E42309E}
		{C62C972A-3A4D-4CB8-A498-2E42D76C1BD9} = {6EAC51C0-D1C6-4E49-95D5-416D0E42309E}
		{77F9FA19-D157-49C1-A5D1-14CC2D93EFFE} = {6EAC51C0-D1C6-4E49-95D5-416D0E42309E}
		{237DE9D6-6E8A-4458-853E-28AF75C32440} = {6EAC51C0-D1C6-4E49-95D5-416D0E42309E}
		{B61E9125-F23F-4B1E-985A-6383FB2F9B7F} = {CF90BDF0-144C-4189-9D70-D80C1704E112}
		{B772C354-B3D5-43F4-AFB0-08CBF7BDFDFD} = {B435354B-BB56-4DEC-8C68-544FA3728040}
		{C1CA9E20-B3EA-4F1C-BA1B-6504FA3B1530} = {B435354B-BB56-4DEC-8C68-544FA3728040}
		{0BC2941C-5909-4CFD-A2C7-88624F85CE99} = {B435354B-BB56-4DEC-8C68-544FA3728040}
		{5F9CB0C6-75CB-488F-99C9-9AB81CFAFEA9} = {B435354B-BB56-4DEC-8C68-544FA3728040}
		{7CD1DB15-2DD1-460B-9819-0952EB7AAF07} = {B435354B-BB56-4DEC-8C68-544FA3728040}
		{9A00789D-CE28-4368-B024-4D2C7D7171FF} = {F70FCAA2-9036-44EB-BC4B-CF49CA51A69D}
		{27C54680-B32A-4DC4-90DD-72C46AED698E} = {F70FCAA2-9036-44EB-BC4B-CF49CA51A69D}
		{EF36D860-6BED-4A5C-BF08-593000094F37} = {F70FCAA2-9036-44EB-BC4B-CF49CA51A69D}
		{B26385FA-FB59-401A-8211-F6E4A4BAF592} = {F70FCAA2-9036-44EB-BC4B-CF49CA51A69D}
		{1CEC94E9-87E9-4A10-9F98-ECAD46955245} = {F70FCAA2-9036-44EB-BC4B-CF49CA51A69D}
	EndGlobalSection
	GlobalSection(ExtensibilityGlobals) = postSolution
		SolutionGuid = {B7B79858-A474-4A14-9AB0-B7FC376ED0DD}
	EndGlobalSection
EndGlobal
